
Microsoft Visual Studio Solution File, Format Version 11.00
# Visual Studio 2010
Project("{8BC9CEB8-8B4A-11D0-8D11-00A0C91BC942}") = "CredUILauncher", "Provider\CredUILauncher\CredUILauncher.vcxproj", "{D1F100CA-0215-405D-9B43-7C0AAAAC8880}"
EndProject
Project("{8BC9CEB8-8B4A-11D0-8D11-00A0C91BC942}") = "RfidCredentialProvider", "Provider\RfidCredentialProvider\RfidCredentialProvider.vcxproj", "{DD093E4D-DFE5-4ECD-ADBD-AA71A05F1314}"
EndProject
Project("{2150E333-8FDC-42A3-9474-1A3956D46DE8}") = "Provider", "Provider", "{10910983-E6AF-4824-88CD-992A97E780D4}"
EndProject
Project("{2150E333-8FDC-42A3-9474-1A3956D46DE8}") = "Manager", "Manager", "{3E73C0BD-A239-468D-9302-26B12CFA90F5}"
EndProject
Project("{FAE04EC0-301F-11D3-BF4B-00C04F79EFBC}") = "TestWizard", "Manager\TestWizard\TestWizard.csproj", "{C4C2A78E-01F3-4D2C-A3FB-1C90D8F58033}"
EndProject
Project("{FAE04EC0-301F-11D3-BF4B-00C04F79EFBC}") = "Wizard.Controls", "Manager\Wizard.Controls\Wizard.Controls.csproj", "{23AD43FF-38F2-4FEC-9FAA-D7B2FA54492B}"
EndProject
Project("{FAE04EC0-301F-11D3-BF4B-00C04F79EFBC}") = "Wizard.UI", "Manager\Wizard.UI\Wizard.UI.csproj", "{80614F74-563D-418E-9BF6-1294F73521C0}"
EndProject
Project("{2150E333-8FDC-42A3-9474-1A3956D46DE8}") = "Installer", "Installer", "{55ED87CD-50E1-4D9D-8F82-64C7E131B5C2}"
EndProject
Project("{FAE04EC0-301F-11D3-BF4B-00C04F79EFBC}") = "RegisterSystem", "Installer\RegisterSystem\RegisterSystem.csproj", "{392410E4-C8FF-4E9F-BA6F-D791F95A6CDB}"
EndProject
Project("{6141683F-8A12-4E36-9623-2EB02B2C2303}") = "Setup", "Installer\Setup\Setup.isproj", "{515B5FCC-A9D6-4875-8288-9AE68201EC34}"
	ProjectSection(ProjectDependencies) = postProject
		{DD093E4D-DFE5-4ECD-ADBD-AA71A05F1314} = {DD093E4D-DFE5-4ECD-ADBD-AA71A05F1314}
		{80614F74-563D-418E-9BF6-1294F73521C0} = {80614F74-563D-418E-9BF6-1294F73521C0}
		{C4C2A78E-01F3-4D2C-A3FB-1C90D8F58033} = {C4C2A78E-01F3-4D2C-A3FB-1C90D8F58033}
		{D1F100CA-0215-405D-9B43-7C0AAAAC8880} = {D1F100CA-0215-405D-9B43-7C0AAAAC8880}
		{392410E4-C8FF-4E9F-BA6F-D791F95A6CDB} = {392410E4-C8FF-4E9F-BA6F-D791F95A6CDB}
		{392410E4-C8FF-4E9F-BA6F-D791F95A6CDB} = {392410E4-C8FF-4E9F-BA6F-D791F95A6CDB}
		{23AD43FF-38F2-4FEC-9FAA-D7B2FA54492B} = {23AD43FF-38F2-4FEC-9FAA-D7B2FA54492B}
	EndProjectSection
EndProject
Global
	GlobalSection(SolutionConfigurationPlatforms) = preSolution
		CD_ROM|Any CPU = CD_ROM|Any CPU
		CD_ROM|Mixed Platforms = CD_ROM|Mixed Platforms
		CD_ROM|Win32 = CD_ROM|Win32
		CD_ROM|x64 = CD_ROM|x64
		CD_ROM|x86 = CD_ROM|x86
		Debug Unicode|Any CPU = Debug Unicode|Any CPU
		Debug Unicode|Mixed Platforms = Debug Unicode|Mixed Platforms
		Debug Unicode|Win32 = Debug Unicode|Win32
		Debug Unicode|x64 = Debug Unicode|x64
		Debug Unicode|x86 = Debug Unicode|x86
		Debug|Any CPU = Debug|Any CPU
		Debug|Mixed Platforms = Debug|Mixed Platforms
		Debug|Win32 = Debug|Win32
		Debug|x64 = Debug|x64
		Debug|x86 = Debug|x86
		DVD-5|Any CPU = DVD-5|Any CPU
		DVD-5|Mixed Platforms = DVD-5|Mixed Platforms
		DVD-5|Win32 = DVD-5|Win32
		DVD-5|x64 = DVD-5|x64
		DVD-5|x86 = DVD-5|x86
		Release Unicode|Any CPU = Release Unicode|Any CPU
		Release Unicode|Mixed Platforms = Release Unicode|Mixed Platforms
		Release Unicode|Win32 = Release Unicode|Win32
		Release Unicode|x64 = Release Unicode|x64
		Release Unicode|x86 = Release Unicode|x86
		Release|Any CPU = Release|Any CPU
		Release|Mixed Platforms = Release|Mixed Platforms
		Release|Win32 = Release|Win32
		Release|x64 = Release|x64
		Release|x86 = Release|x86
		SingleImage|Any CPU = SingleImage|Any CPU
		SingleImage|Mixed Platforms = SingleImage|Mixed Platforms
		SingleImage|Win32 = SingleImage|Win32
		SingleImage|x64 = SingleImage|x64
		SingleImage|x86 = SingleImage|x86
	EndGlobalSection
	GlobalSection(ProjectConfigurationPlatforms) = postSolution
		{D1F100CA-0215-405D-9B43-7C0AAAAC8880}.CD_ROM|Any CPU.ActiveCfg = Release|x64
		{D1F100CA-0215-405D-9B43-7C0AAAAC8880}.CD_ROM|Mixed Platforms.ActiveCfg = Release|x64
		{D1F100CA-0215-405D-9B43-7C0AAAAC8880}.CD_ROM|Mixed Platforms.Build.0 = Release|x64
		{D1F100CA-0215-405D-9B43-7C0AAAAC8880}.CD_ROM|Win32.ActiveCfg = Release|x64
		{D1F100CA-0215-405D-9B43-7C0AAAAC8880}.CD_ROM|x64.ActiveCfg = Release|x64
		{D1F100CA-0215-405D-9B43-7C0AAAAC8880}.CD_ROM|x64.Build.0 = Release|x64
		{D1F100CA-0215-405D-9B43-7C0AAAAC8880}.CD_ROM|x86.ActiveCfg = Release|x64
		{D1F100CA-0215-405D-9B43-7C0AAAAC8880}.Debug Unicode|Any CPU.ActiveCfg = Debug|x64
		{D1F100CA-0215-405D-9B43-7C0AAAAC8880}.Debug Unicode|Mixed Platforms.ActiveCfg = Debug|x64
		{D1F100CA-0215-405D-9B43-7C0AAAAC8880}.Debug Unicode|Mixed Platforms.Build.0 = Debug|x64
		{D1F100CA-0215-405D-9B43-7C0AAAAC8880}.Debug Unicode|Win32.ActiveCfg = Debug|x64
		{D1F100CA-0215-405D-9B43-7C0AAAAC8880}.Debug Unicode|x64.ActiveCfg = Debug|x64
		{D1F100CA-0215-405D-9B43-7C0AAAAC8880}.Debug Unicode|x64.Build.0 = Debug|x64
		{D1F100CA-0215-405D-9B43-7C0AAAAC8880}.Debug Unicode|x86.ActiveCfg = Debug|x64
		{D1F100CA-0215-405D-9B43-7C0AAAAC8880}.Debug|Any CPU.ActiveCfg = Debug|x64
		{D1F100CA-0215-405D-9B43-7C0AAAAC8880}.Debug|Any CPU.Build.0 = Debug|x64
		{D1F100CA-0215-405D-9B43-7C0AAAAC8880}.Debug|Mixed Platforms.ActiveCfg = Debug|x64
		{D1F100CA-0215-405D-9B43-7C0AAAAC8880}.Debug|Mixed Platforms.Build.0 = Debug|x64
		{D1F100CA-0215-405D-9B43-7C0AAAAC8880}.Debug|Win32.ActiveCfg = Debug|Win32
		{D1F100CA-0215-405D-9B43-7C0AAAAC8880}.Debug|Win32.Build.0 = Debug|Win32
		{D1F100CA-0215-405D-9B43-7C0AAAAC8880}.Debug|x64.ActiveCfg = Debug|x64
		{D1F100CA-0215-405D-9B43-7C0AAAAC8880}.Debug|x64.Build.0 = Debug|x64
		{D1F100CA-0215-405D-9B43-7C0AAAAC8880}.Debug|x86.ActiveCfg = Debug|Win32
		{D1F100CA-0215-405D-9B43-7C0AAAAC8880}.Debug|x86.Build.0 = Debug|Win32
		{D1F100CA-0215-405D-9B43-7C0AAAAC8880}.DVD-5|Any CPU.ActiveCfg = Debug|x64
		{D1F100CA-0215-405D-9B43-7C0AAAAC8880}.DVD-5|Mixed Platforms.ActiveCfg = Debug|x64
		{D1F100CA-0215-405D-9B43-7C0AAAAC8880}.DVD-5|Mixed Platforms.Build.0 = Debug|x64
		{D1F100CA-0215-405D-9B43-7C0AAAAC8880}.DVD-5|Win32.ActiveCfg = Debug|x64
		{D1F100CA-0215-405D-9B43-7C0AAAAC8880}.DVD-5|x64.ActiveCfg = Debug|x64
		{D1F100CA-0215-405D-9B43-7C0AAAAC8880}.DVD-5|x64.Build.0 = Debug|x64
		{D1F100CA-0215-405D-9B43-7C0AAAAC8880}.DVD-5|x86.ActiveCfg = Debug|x64
		{D1F100CA-0215-405D-9B43-7C0AAAAC8880}.Release Unicode|Any CPU.ActiveCfg = Release|x64
		{D1F100CA-0215-405D-9B43-7C0AAAAC8880}.Release Unicode|Mixed Platforms.ActiveCfg = Release|x64
		{D1F100CA-0215-405D-9B43-7C0AAAAC8880}.Release Unicode|Mixed Platforms.Build.0 = Release|x64
		{D1F100CA-0215-405D-9B43-7C0AAAAC8880}.Release Unicode|Win32.ActiveCfg = Release|x64
		{D1F100CA-0215-405D-9B43-7C0AAAAC8880}.Release Unicode|x64.ActiveCfg = Release|x64
		{D1F100CA-0215-405D-9B43-7C0AAAAC8880}.Release Unicode|x64.Build.0 = Release|x64
		{D1F100CA-0215-405D-9B43-7C0AAAAC8880}.Release Unicode|x86.ActiveCfg = Release|x64
		{D1F100CA-0215-405D-9B43-7C0AAAAC8880}.Release|Any CPU.ActiveCfg = Release|x64
		{D1F100CA-0215-405D-9B43-7C0AAAAC8880}.Release|Any CPU.Build.0 = Release|x64
		{D1F100CA-0215-405D-9B43-7C0AAAAC8880}.Release|Mixed Platforms.ActiveCfg = Release|x64
		{D1F100CA-0215-405D-9B43-7C0AAAAC8880}.Release|Mixed Platforms.Build.0 = Release|x64
		{D1F100CA-0215-405D-9B43-7C0AAAAC8880}.Release|Win32.ActiveCfg = Release|Win32
		{D1F100CA-0215-405D-9B43-7C0AAAAC8880}.Release|Win32.Build.0 = Release|Win32
		{D1F100CA-0215-405D-9B43-7C0AAAAC8880}.Release|x64.ActiveCfg = Release|x64
		{D1F100CA-0215-405D-9B43-7C0AAAAC8880}.Release|x64.Build.0 = Release|x64
		{D1F100CA-0215-405D-9B43-7C0AAAAC8880}.Release|x86.ActiveCfg = Release|Win32
		{D1F100CA-0215-405D-9B43-7C0AAAAC8880}.Release|x86.Build.0 = Release|Win32
		{D1F100CA-0215-405D-9B43-7C0AAAAC8880}.SingleImage|Any CPU.ActiveCfg = Release|x64
		{D1F100CA-0215-405D-9B43-7C0AAAAC8880}.SingleImage|Any CPU.Build.0 = Release|x64
		{D1F100CA-0215-405D-9B43-7C0AAAAC8880}.SingleImage|Mixed Platforms.ActiveCfg = Release|x64
		{D1F100CA-0215-405D-9B43-7C0AAAAC8880}.SingleImage|Mixed Platforms.Build.0 = Release|x64
		{D1F100CA-0215-405D-9B43-7C0AAAAC8880}.SingleImage|Win32.ActiveCfg = Release|Win32
		{D1F100CA-0215-405D-9B43-7C0AAAAC8880}.SingleImage|x64.ActiveCfg = Release|x64
		{D1F100CA-0215-405D-9B43-7C0AAAAC8880}.SingleImage|x64.Build.0 = Release|x64
		{D1F100CA-0215-405D-9B43-7C0AAAAC8880}.SingleImage|x86.ActiveCfg = Release|Win32
		{D1F100CA-0215-405D-9B43-7C0AAAAC8880}.SingleImage|x86.Build.0 = Release|Win32
		{DD093E4D-DFE5-4ECD-ADBD-AA71A05F1314}.CD_ROM|Any CPU.ActiveCfg = Release|x64
		{DD093E4D-DFE5-4ECD-ADBD-AA71A05F1314}.CD_ROM|Mixed Platforms.ActiveCfg = Release|x64
		{DD093E4D-DFE5-4ECD-ADBD-AA71A05F1314}.CD_ROM|Mixed Platforms.Build.0 = Release|x64
		{DD093E4D-DFE5-4ECD-ADBD-AA71A05F1314}.CD_ROM|Win32.ActiveCfg = Release|x64
		{DD093E4D-DFE5-4ECD-ADBD-AA71A05F1314}.CD_ROM|x64.ActiveCfg = Release|x64
		{DD093E4D-DFE5-4ECD-ADBD-AA71A05F1314}.CD_ROM|x64.Build.0 = Release|x64
		{DD093E4D-DFE5-4ECD-ADBD-AA71A05F1314}.CD_ROM|x86.ActiveCfg = Release|x64
		{DD093E4D-DFE5-4ECD-ADBD-AA71A05F1314}.Debug Unicode|Any CPU.ActiveCfg = Debug|x64
		{DD093E4D-DFE5-4ECD-ADBD-AA71A05F1314}.Debug Unicode|Mixed Platforms.ActiveCfg = Debug|x64
		{DD093E4D-DFE5-4ECD-ADBD-AA71A05F1314}.Debug Unicode|Mixed Platforms.Build.0 = Debug|x64
		{DD093E4D-DFE5-4ECD-ADBD-AA71A05F1314}.Debug Unicode|Win32.ActiveCfg = Debug|x64
		{DD093E4D-DFE5-4ECD-ADBD-AA71A05F1314}.Debug Unicode|x64.ActiveCfg = Debug|x64
		{DD093E4D-DFE5-4ECD-ADBD-AA71A05F1314}.Debug Unicode|x64.Build.0 = Debug|x64
		{DD093E4D-DFE5-4ECD-ADBD-AA71A05F1314}.Debug Unicode|x86.ActiveCfg = Debug|x64
		{DD093E4D-DFE5-4ECD-ADBD-AA71A05F1314}.Debug|Any CPU.ActiveCfg = Debug|x64
		{DD093E4D-DFE5-4ECD-ADBD-AA71A05F1314}.Debug|Any CPU.Build.0 = Debug|x64
		{DD093E4D-DFE5-4ECD-ADBD-AA71A05F1314}.Debug|Mixed Platforms.ActiveCfg = Debug|x64
		{DD093E4D-DFE5-4ECD-ADBD-AA71A05F1314}.Debug|Mixed Platforms.Build.0 = Debug|x64
		{DD093E4D-DFE5-4ECD-ADBD-AA71A05F1314}.Debug|Win32.ActiveCfg = Debug|Win32
		{DD093E4D-DFE5-4ECD-ADBD-AA71A05F1314}.Debug|Win32.Build.0 = Debug|Win32
		{DD093E4D-DFE5-4ECD-ADBD-AA71A05F1314}.Debug|x64.ActiveCfg = Debug|x64
		{DD093E4D-DFE5-4ECD-ADBD-AA71A05F1314}.Debug|x64.Build.0 = Debug|x64
		{DD093E4D-DFE5-4ECD-ADBD-AA71A05F1314}.Debug|x86.ActiveCfg = Debug|Win32
		{DD093E4D-DFE5-4ECD-ADBD-AA71A05F1314}.Debug|x86.Build.0 = Debug|Win32
		{DD093E4D-DFE5-4ECD-ADBD-AA71A05F1314}.DVD-5|Any CPU.ActiveCfg = Debug|x64
		{DD093E4D-DFE5-4ECD-ADBD-AA71A05F1314}.DVD-5|Mixed Platforms.ActiveCfg = Debug|x64
		{DD093E4D-DFE5-4ECD-ADBD-AA71A05F1314}.DVD-5|Mixed Platforms.Build.0 = Debug|x64
		{DD093E4D-DFE5-4ECD-ADBD-AA71A05F1314}.DVD-5|Win32.ActiveCfg = Debug|x64
		{DD093E4D-DFE5-4ECD-ADBD-AA71A05F1314}.DVD-5|x64.ActiveCfg = Debug|x64
		{DD093E4D-DFE5-4ECD-ADBD-AA71A05F1314}.DVD-5|x64.Build.0 = Debug|x64
		{DD093E4D-DFE5-4ECD-ADBD-AA71A05F1314}.DVD-5|x86.ActiveCfg = Debug|x64
		{DD093E4D-DFE5-4ECD-ADBD-AA71A05F1314}.Release Unicode|Any CPU.ActiveCfg = Release|x64
		{DD093E4D-DFE5-4ECD-ADBD-AA71A05F1314}.Release Unicode|Mixed Platforms.ActiveCfg = Release|x64
		{DD093E4D-DFE5-4ECD-ADBD-AA71A05F1314}.Release Unicode|Mixed Platforms.Build.0 = Release|x64
		{DD093E4D-DFE5-4ECD-ADBD-AA71A05F1314}.Release Unicode|Win32.ActiveCfg = Release|x64
		{DD093E4D-DFE5-4ECD-ADBD-AA71A05F1314}.Release Unicode|x64.ActiveCfg = Release|x64
		{DD093E4D-DFE5-4ECD-ADBD-AA71A05F1314}.Release Unicode|x64.Build.0 = Release|x64
		{DD093E4D-DFE5-4ECD-ADBD-AA71A05F1314}.Release Unicode|x86.ActiveCfg = Release|x64
		{DD093E4D-DFE5-4ECD-ADBD-AA71A05F1314}.Release|Any CPU.ActiveCfg = Release|x64
		{DD093E4D-DFE5-4ECD-ADBD-AA71A05F1314}.Release|Any CPU.Build.0 = Release|x64
		{DD093E4D-DFE5-4ECD-ADBD-AA71A05F1314}.Release|Mixed Platforms.ActiveCfg = Release|x64
		{DD093E4D-DFE5-4ECD-ADBD-AA71A05F1314}.Release|Mixed Platforms.Build.0 = Release|x64
		{DD093E4D-DFE5-4ECD-ADBD-AA71A05F1314}.Release|Win32.ActiveCfg = Release|Win32
		{DD093E4D-DFE5-4ECD-ADBD-AA71A05F1314}.Release|Win32.Build.0 = Release|Win32
		{DD093E4D-DFE5-4ECD-ADBD-AA71A05F1314}.Release|x64.ActiveCfg = Release|x64
		{DD093E4D-DFE5-4ECD-ADBD-AA71A05F1314}.Release|x64.Build.0 = Release|x64
		{DD093E4D-DFE5-4ECD-ADBD-AA71A05F1314}.Release|x86.ActiveCfg = Release|Win32
		{DD093E4D-DFE5-4ECD-ADBD-AA71A05F1314}.Release|x86.Build.0 = Release|Win32
		{DD093E4D-DFE5-4ECD-ADBD-AA71A05F1314}.SingleImage|Any CPU.ActiveCfg = Release|x64
		{DD093E4D-DFE5-4ECD-ADBD-AA71A05F1314}.SingleImage|Any CPU.Build.0 = Release|x64
		{DD093E4D-DFE5-4ECD-ADBD-AA71A05F1314}.SingleImage|Mixed Platforms.ActiveCfg = Release|x64
		{DD093E4D-DFE5-4ECD-ADBD-AA71A05F1314}.SingleImage|Mixed Platforms.Build.0 = Release|x64
		{DD093E4D-DFE5-4ECD-ADBD-AA71A05F1314}.SingleImage|Win32.ActiveCfg = Release|Win32
		{DD093E4D-DFE5-4ECD-ADBD-AA71A05F1314}.SingleImage|x64.ActiveCfg = Release|x64
		{DD093E4D-DFE5-4ECD-ADBD-AA71A05F1314}.SingleImage|x64.Build.0 = Release|x64
		{DD093E4D-DFE5-4ECD-ADBD-AA71A05F1314}.SingleImage|x86.ActiveCfg = Release|Win32
		{DD093E4D-DFE5-4ECD-ADBD-AA71A05F1314}.SingleImage|x86.Build.0 = Release|Win32
		{C4C2A78E-01F3-4D2C-A3FB-1C90D8F58033}.CD_ROM|Any CPU.ActiveCfg = Release|Any CPU
		{C4C2A78E-01F3-4D2C-A3FB-1C90D8F58033}.CD_ROM|Any CPU.Build.0 = Release|Any CPU
		{C4C2A78E-01F3-4D2C-A3FB-1C90D8F58033}.CD_ROM|Mixed Platforms.ActiveCfg = Release|Any CPU
		{C4C2A78E-01F3-4D2C-A3FB-1C90D8F58033}.CD_ROM|Mixed Platforms.Build.0 = Release|Any CPU
		{C4C2A78E-01F3-4D2C-A3FB-1C90D8F58033}.CD_ROM|Win32.ActiveCfg = Release|Any CPU
		{C4C2A78E-01F3-4D2C-A3FB-1C90D8F58033}.CD_ROM|x64.ActiveCfg = Release|Any CPU
		{C4C2A78E-01F3-4D2C-A3FB-1C90D8F58033}.CD_ROM|x86.ActiveCfg = Release|Any CPU
		{C4C2A78E-01F3-4D2C-A3FB-1C90D8F58033}.Debug Unicode|Any CPU.ActiveCfg = Debug|Any CPU
		{C4C2A78E-01F3-4D2C-A3FB-1C90D8F58033}.Debug Unicode|Any CPU.Build.0 = Debug|Any CPU
		{C4C2A78E-01F3-4D2C-A3FB-1C90D8F58033}.Debug Unicode|Mixed Platforms.ActiveCfg = Debug|Any CPU
		{C4C2A78E-01F3-4D2C-A3FB-1C90D8F58033}.Debug Unicode|Mixed Platforms.Build.0 = Debug|Any CPU
		{C4C2A78E-01F3-4D2C-A3FB-1C90D8F58033}.Debug Unicode|Win32.ActiveCfg = Debug|Any CPU
		{C4C2A78E-01F3-4D2C-A3FB-1C90D8F58033}.Debug Unicode|x64.ActiveCfg = Debug|Any CPU
		{C4C2A78E-01F3-4D2C-A3FB-1C90D8F58033}.Debug Unicode|x86.ActiveCfg = Debug|Any CPU
		{C4C2A78E-01F3-4D2C-A3FB-1C90D8F58033}.Debug|Any CPU.ActiveCfg = Debug|Any CPU
		{C4C2A78E-01F3-4D2C-A3FB-1C90D8F58033}.Debug|Any CPU.Build.0 = Debug|Any CPU
		{C4C2A78E-01F3-4D2C-A3FB-1C90D8F58033}.Debug|Mixed Platforms.ActiveCfg = Debug|Any CPU
		{C4C2A78E-01F3-4D2C-A3FB-1C90D8F58033}.Debug|Mixed Platforms.Build.0 = Debug|Any CPU
		{C4C2A78E-01F3-4D2C-A3FB-1C90D8F58033}.Debug|Win32.ActiveCfg = Debug|Any CPU
		{C4C2A78E-01F3-4D2C-A3FB-1C90D8F58033}.Debug|Win32.Build.0 = Debug|Any CPU
		{C4C2A78E-01F3-4D2C-A3FB-1C90D8F58033}.Debug|x64.ActiveCfg = Debug|x64
		{C4C2A78E-01F3-4D2C-A3FB-1C90D8F58033}.Debug|x64.Build.0 = Debug|x64
		{C4C2A78E-01F3-4D2C-A3FB-1C90D8F58033}.Debug|x86.ActiveCfg = Debug|Any CPU
		{C4C2A78E-01F3-4D2C-A3FB-1C90D8F58033}.Debug|x86.Build.0 = Debug|Any CPU
		{C4C2A78E-01F3-4D2C-A3FB-1C90D8F58033}.DVD-5|Any CPU.ActiveCfg = Debug|Any CPU
		{C4C2A78E-01F3-4D2C-A3FB-1C90D8F58033}.DVD-5|Any CPU.Build.0 = Debug|Any CPU
		{C4C2A78E-01F3-4D2C-A3FB-1C90D8F58033}.DVD-5|Mixed Platforms.ActiveCfg = Debug|Any CPU
		{C4C2A78E-01F3-4D2C-A3FB-1C90D8F58033}.DVD-5|Mixed Platforms.Build.0 = Debug|Any CPU
		{C4C2A78E-01F3-4D2C-A3FB-1C90D8F58033}.DVD-5|Win32.ActiveCfg = Debug|Any CPU
		{C4C2A78E-01F3-4D2C-A3FB-1C90D8F58033}.DVD-5|x64.ActiveCfg = Debug|Any CPU
		{C4C2A78E-01F3-4D2C-A3FB-1C90D8F58033}.DVD-5|x86.ActiveCfg = Debug|Any CPU
		{C4C2A78E-01F3-4D2C-A3FB-1C90D8F58033}.Release Unicode|Any CPU.ActiveCfg = Release|Any CPU
		{C4C2A78E-01F3-4D2C-A3FB-1C90D8F58033}.Release Unicode|Any CPU.Build.0 = Release|Any CPU
		{C4C2A78E-01F3-4D2C-A3FB-1C90D8F58033}.Release Unicode|Mixed Platforms.ActiveCfg = Release|Any CPU
		{C4C2A78E-01F3-4D2C-A3FB-1C90D8F58033}.Release Unicode|Mixed Platforms.Build.0 = Release|Any CPU
		{C4C2A78E-01F3-4D2C-A3FB-1C90D8F58033}.Release Unicode|Win32.ActiveCfg = Release|Any CPU
		{C4C2A78E-01F3-4D2C-A3FB-1C90D8F58033}.Release Unicode|x64.ActiveCfg = Release|Any CPU
		{C4C2A78E-01F3-4D2C-A3FB-1C90D8F58033}.Release Unicode|x86.ActiveCfg = Release|Any CPU
		{C4C2A78E-01F3-4D2C-A3FB-1C90D8F58033}.Release|Any CPU.ActiveCfg = Release|Any CPU
		{C4C2A78E-01F3-4D2C-A3FB-1C90D8F58033}.Release|Any CPU.Build.0 = Release|Any CPU
		{C4C2A78E-01F3-4D2C-A3FB-1C90D8F58033}.Release|Mixed Platforms.ActiveCfg = Release|Any CPU
		{C4C2A78E-01F3-4D2C-A3FB-1C90D8F58033}.Release|Mixed Platforms.Build.0 = Release|Any CPU
		{C4C2A78E-01F3-4D2C-A3FB-1C90D8F58033}.Release|Win32.ActiveCfg = Release|Any CPU
		{C4C2A78E-01F3-4D2C-A3FB-1C90D8F58033}.Release|Win32.Build.0 = Release|Any CPU
		{C4C2A78E-01F3-4D2C-A3FB-1C90D8F58033}.Release|x64.ActiveCfg = Release|Any CPU
		{C4C2A78E-01F3-4D2C-A3FB-1C90D8F58033}.Release|x64.Build.0 = Release|Any CPU
		{C4C2A78E-01F3-4D2C-A3FB-1C90D8F58033}.Release|x86.ActiveCfg = Release|Any CPU
		{C4C2A78E-01F3-4D2C-A3FB-1C90D8F58033}.Release|x86.Build.0 = Release|Any CPU
		{C4C2A78E-01F3-4D2C-A3FB-1C90D8F58033}.SingleImage|Any CPU.ActiveCfg = Release|Any CPU
		{C4C2A78E-01F3-4D2C-A3FB-1C90D8F58033}.SingleImage|Any CPU.Build.0 = Release|Any CPU
		{C4C2A78E-01F3-4D2C-A3FB-1C90D8F58033}.SingleImage|Mixed Platforms.ActiveCfg = Release|Any CPU
		{C4C2A78E-01F3-4D2C-A3FB-1C90D8F58033}.SingleImage|Mixed Platforms.Build.0 = Release|Any CPU
		{C4C2A78E-01F3-4D2C-A3FB-1C90D8F58033}.SingleImage|Win32.ActiveCfg = Release|Any CPU
		{C4C2A78E-01F3-4D2C-A3FB-1C90D8F58033}.SingleImage|x64.ActiveCfg = Release|Any CPU
		{C4C2A78E-01F3-4D2C-A3FB-1C90D8F58033}.SingleImage|x64.Build.0 = Release|Any CPU
		{C4C2A78E-01F3-4D2C-A3FB-1C90D8F58033}.SingleImage|x86.ActiveCfg = Release|Any CPU
		{C4C2A78E-01F3-4D2C-A3FB-1C90D8F58033}.SingleImage|x86.Build.0 = Release|Any CPU
		{23AD43FF-38F2-4FEC-9FAA-D7B2FA54492B}.CD_ROM|Any CPU.ActiveCfg = Release|Any CPU
		{23AD43FF-38F2-4FEC-9FAA-D7B2FA54492B}.CD_ROM|Any CPU.Build.0 = Release|Any CPU
		{23AD43FF-38F2-4FEC-9FAA-D7B2FA54492B}.CD_ROM|Mixed Platforms.ActiveCfg = Release|Any CPU
		{23AD43FF-38F2-4FEC-9FAA-D7B2FA54492B}.CD_ROM|Mixed Platforms.Build.0 = Release|Any CPU
		{23AD43FF-38F2-4FEC-9FAA-D7B2FA54492B}.CD_ROM|Win32.ActiveCfg = Release|Any CPU
		{23AD43FF-38F2-4FEC-9FAA-D7B2FA54492B}.CD_ROM|x64.ActiveCfg = Release|Any CPU
		{23AD43FF-38F2-4FEC-9FAA-D7B2FA54492B}.CD_ROM|x86.ActiveCfg = Release|Any CPU
		{23AD43FF-38F2-4FEC-9FAA-D7B2FA54492B}.Debug Unicode|Any CPU.ActiveCfg = Debug|Any CPU
		{23AD43FF-38F2-4FEC-9FAA-D7B2FA54492B}.Debug Unicode|Any CPU.Build.0 = Debug|Any CPU
		{23AD43FF-38F2-4FEC-9FAA-D7B2FA54492B}.Debug Unicode|Mixed Platforms.ActiveCfg = Debug|Any CPU
		{23AD43FF-38F2-4FEC-9FAA-D7B2FA54492B}.Debug Unicode|Mixed Platforms.Build.0 = Debug|Any CPU
		{23AD43FF-38F2-4FEC-9FAA-D7B2FA54492B}.Debug Unicode|Win32.ActiveCfg = Debug|Any CPU
		{23AD43FF-38F2-4FEC-9FAA-D7B2FA54492B}.Debug Unicode|x64.ActiveCfg = Debug|Any CPU
		{23AD43FF-38F2-4FEC-9FAA-D7B2FA54492B}.Debug Unicode|x86.ActiveCfg = Debug|Any CPU
		{23AD43FF-38F2-4FEC-9FAA-D7B2FA54492B}.Debug|Any CPU.ActiveCfg = Debug|Any CPU
		{23AD43FF-38F2-4FEC-9FAA-D7B2FA54492B}.Debug|Any CPU.Build.0 = Debug|Any CPU
		{23AD43FF-38F2-4FEC-9FAA-D7B2FA54492B}.Debug|Mixed Platforms.ActiveCfg = Debug|Any CPU
		{23AD43FF-38F2-4FEC-9FAA-D7B2FA54492B}.Debug|Mixed Platforms.Build.0 = Debug|Any CPU
		{23AD43FF-38F2-4FEC-9FAA-D7B2FA54492B}.Debug|Win32.ActiveCfg = Debug|Any CPU
		{23AD43FF-38F2-4FEC-9FAA-D7B2FA54492B}.Debug|Win32.Build.0 = Debug|Any CPU
		{23AD43FF-38F2-4FEC-9FAA-D7B2FA54492B}.Debug|x64.ActiveCfg = Debug|x64
		{23AD43FF-38F2-4FEC-9FAA-D7B2FA54492B}.Debug|x64.Build.0 = Debug|x64
		{23AD43FF-38F2-4FEC-9FAA-D7B2FA54492B}.Debug|x86.ActiveCfg = Debug|Any CPU
		{23AD43FF-38F2-4FEC-9FAA-D7B2FA54492B}.Debug|x86.Build.0 = Debug|Any CPU
		{23AD43FF-38F2-4FEC-9FAA-D7B2FA54492B}.DVD-5|Any CPU.ActiveCfg = Debug|Any CPU
		{23AD43FF-38F2-4FEC-9FAA-D7B2FA54492B}.DVD-5|Any CPU.Build.0 = Debug|Any CPU
		{23AD43FF-38F2-4FEC-9FAA-D7B2FA54492B}.DVD-5|Mixed Platforms.ActiveCfg = Debug|Any CPU
		{23AD43FF-38F2-4FEC-9FAA-D7B2FA54492B}.DVD-5|Mixed Platforms.Build.0 = Debug|Any CPU
		{23AD43FF-38F2-4FEC-9FAA-D7B2FA54492B}.DVD-5|Win32.ActiveCfg = Debug|Any CPU
		{23AD43FF-38F2-4FEC-9FAA-D7B2FA54492B}.DVD-5|x64.ActiveCfg = Debug|Any CPU
		{23AD43FF-38F2-4FEC-9FAA-D7B2FA54492B}.DVD-5|x86.ActiveCfg = Debug|Any CPU
		{23AD43FF-38F2-4FEC-9FAA-D7B2FA54492B}.Release Unicode|Any CPU.ActiveCfg = Release|Any CPU
		{23AD43FF-38F2-4FEC-9FAA-D7B2FA54492B}.Release Unicode|Any CPU.Build.0 = Release|Any CPU
		{23AD43FF-38F2-4FEC-9FAA-D7B2FA54492B}.Release Unicode|Mixed Platforms.ActiveCfg = Release|Any CPU
		{23AD43FF-38F2-4FEC-9FAA-D7B2FA54492B}.Release Unicode|Mixed Platforms.Build.0 = Release|Any CPU
		{23AD43FF-38F2-4FEC-9FAA-D7B2FA54492B}.Release Unicode|Win32.ActiveCfg = Release|Any CPU
		{23AD43FF-38F2-4FEC-9FAA-D7B2FA54492B}.Release Unicode|x64.ActiveCfg = Release|Any CPU
		{23AD43FF-38F2-4FEC-9FAA-D7B2FA54492B}.Release Unicode|x86.ActiveCfg = Release|Any CPU
		{23AD43FF-38F2-4FEC-9FAA-D7B2FA54492B}.Release|Any CPU.ActiveCfg = Release|Any CPU
		{23AD43FF-38F2-4FEC-9FAA-D7B2FA54492B}.Release|Any CPU.Build.0 = Release|Any CPU
		{23AD43FF-38F2-4FEC-9FAA-D7B2FA54492B}.Release|Mixed Platforms.ActiveCfg = Release|Any CPU
		{23AD43FF-38F2-4FEC-9FAA-D7B2FA54492B}.Release|Mixed Platforms.Build.0 = Release|Any CPU
		{23AD43FF-38F2-4FEC-9FAA-D7B2FA54492B}.Release|Win32.ActiveCfg = Release|Any CPU
		{23AD43FF-38F2-4FEC-9FAA-D7B2FA54492B}.Release|Win32.Build.0 = Release|Any CPU
		{23AD43FF-38F2-4FEC-9FAA-D7B2FA54492B}.Release|x64.ActiveCfg = Release|Any CPU
		{23AD43FF-38F2-4FEC-9FAA-D7B2FA54492B}.Release|x64.Build.0 = Release|Any CPU
		{23AD43FF-38F2-4FEC-9FAA-D7B2FA54492B}.Release|x86.ActiveCfg = Release|Any CPU
		{23AD43FF-38F2-4FEC-9FAA-D7B2FA54492B}.Release|x86.Build.0 = Release|Any CPU
		{23AD43FF-38F2-4FEC-9FAA-D7B2FA54492B}.SingleImage|Any CPU.ActiveCfg = Release|Any CPU
		{23AD43FF-38F2-4FEC-9FAA-D7B2FA54492B}.SingleImage|Any CPU.Build.0 = Release|Any CPU
		{23AD43FF-38F2-4FEC-9FAA-D7B2FA54492B}.SingleImage|Mixed Platforms.ActiveCfg = Release|Any CPU
		{23AD43FF-38F2-4FEC-9FAA-D7B2FA54492B}.SingleImage|Mixed Platforms.Build.0 = Release|Any CPU
		{23AD43FF-38F2-4FEC-9FAA-D7B2FA54492B}.SingleImage|Win32.ActiveCfg = Release|Any CPU
		{23AD43FF-38F2-4FEC-9FAA-D7B2FA54492B}.SingleImage|x64.ActiveCfg = Release|Any CPU
		{23AD43FF-38F2-4FEC-9FAA-D7B2FA54492B}.SingleImage|x64.Build.0 = Release|Any CPU
		{23AD43FF-38F2-4FEC-9FAA-D7B2FA54492B}.SingleImage|x86.ActiveCfg = Release|Any CPU
		{23AD43FF-38F2-4FEC-9FAA-D7B2FA54492B}.SingleImage|x86.Build.0 = Release|Any CPU
		{80614F74-563D-418E-9BF6-1294F73521C0}.CD_ROM|Any CPU.ActiveCfg = Release|Any CPU
		{80614F74-563D-418E-9BF6-1294F73521C0}.CD_ROM|Any CPU.Build.0 = Release|Any CPU
		{80614F74-563D-418E-9BF6-1294F73521C0}.CD_ROM|Mixed Platforms.ActiveCfg = Release|Any CPU
		{80614F74-563D-418E-9BF6-1294F73521C0}.CD_ROM|Mixed Platforms.Build.0 = Release|Any CPU
		{80614F74-563D-418E-9BF6-1294F73521C0}.CD_ROM|Win32.ActiveCfg = Release|Any CPU
		{80614F74-563D-418E-9BF6-1294F73521C0}.CD_ROM|x64.ActiveCfg = Release|Any CPU
		{80614F74-563D-418E-9BF6-1294F73521C0}.CD_ROM|x86.ActiveCfg = Release|Any CPU
		{80614F74-563D-418E-9BF6-1294F73521C0}.Debug Unicode|Any CPU.ActiveCfg = Debug|Any CPU
		{80614F74-563D-418E-9BF6-1294F73521C0}.Debug Unicode|Any CPU.Build.0 = Debug|Any CPU
		{80614F74-563D-418E-9BF6-1294F73521C0}.Debug Unicode|Mixed Platforms.ActiveCfg = Debug|Any CPU
		{80614F74-563D-418E-9BF6-1294F73521C0}.Debug Unicode|Mixed Platforms.Build.0 = Debug|Any CPU
		{80614F74-563D-418E-9BF6-1294F73521C0}.Debug Unicode|Win32.ActiveCfg = Debug|Any CPU
		{80614F74-563D-418E-9BF6-1294F73521C0}.Debug Unicode|x64.ActiveCfg = Debug|Any CPU
		{80614F74-563D-418E-9BF6-1294F73521C0}.Debug Unicode|x86.ActiveCfg = Debug|Any CPU
		{80614F74-563D-418E-9BF6-1294F73521C0}.Debug|Any CPU.ActiveCfg = Debug|Any CPU
		{80614F74-563D-418E-9BF6-1294F73521C0}.Debug|Any CPU.Build.0 = Debug|Any CPU
		{80614F74-563D-418E-9BF6-1294F73521C0}.Debug|Mixed Platforms.ActiveCfg = Debug|Any CPU
		{80614F74-563D-418E-9BF6-1294F73521C0}.Debug|Mixed Platforms.Build.0 = Debug|Any CPU
		{80614F74-563D-418E-9BF6-1294F73521C0}.Debug|Win32.ActiveCfg = Debug|Any CPU
		{80614F74-563D-418E-9BF6-1294F73521C0}.Debug|Win32.Build.0 = Debug|Any CPU
		{80614F74-563D-418E-9BF6-1294F73521C0}.Debug|x64.ActiveCfg = Debug|x64
		{80614F74-563D-418E-9BF6-1294F73521C0}.Debug|x64.Build.0 = Debug|x64
		{80614F74-563D-418E-9BF6-1294F73521C0}.Debug|x86.ActiveCfg = Debug|Any CPU
		{80614F74-563D-418E-9BF6-1294F73521C0}.Debug|x86.Build.0 = Debug|Any CPU
		{80614F74-563D-418E-9BF6-1294F73521C0}.DVD-5|Any CPU.ActiveCfg = Debug|Any CPU
		{80614F74-563D-418E-9BF6-1294F73521C0}.DVD-5|Any CPU.Build.0 = Debug|Any CPU
		{80614F74-563D-418E-9BF6-1294F73521C0}.DVD-5|Mixed Platforms.ActiveCfg = Debug|Any CPU
		{80614F74-563D-418E-9BF6-1294F73521C0}.DVD-5|Mixed Platforms.Build.0 = Debug|Any CPU
		{80614F74-563D-418E-9BF6-1294F73521C0}.DVD-5|Win32.ActiveCfg = Debug|Any CPU
		{80614F74-563D-418E-9BF6-1294F73521C0}.DVD-5|x64.ActiveCfg = Debug|Any CPU
		{80614F74-563D-418E-9BF6-1294F73521C0}.DVD-5|x86.ActiveCfg = Debug|Any CPU
		{80614F74-563D-418E-9BF6-1294F73521C0}.Release Unicode|Any CPU.ActiveCfg = Release|Any CPU
		{80614F74-563D-418E-9BF6-1294F73521C0}.Release Unicode|Any CPU.Build.0 = Release|Any CPU
		{80614F74-563D-418E-9BF6-1294F73521C0}.Release Unicode|Mixed Platforms.ActiveCfg = Release|Any CPU
		{80614F74-563D-418E-9BF6-1294F73521C0}.Release Unicode|Mixed Platforms.Build.0 = Release|Any CPU
		{80614F74-563D-418E-9BF6-1294F73521C0}.Release Unicode|Win32.ActiveCfg = Release|Any CPU
		{80614F74-563D-418E-9BF6-1294F73521C0}.Release Unicode|x64.ActiveCfg = Release|Any CPU
		{80614F74-563D-418E-9BF6-1294F73521C0}.Release Unicode|x86.ActiveCfg = Release|Any CPU
		{80614F74-563D-418E-9BF6-1294F73521C0}.Release|Any CPU.ActiveCfg = Release|Any CPU
		{80614F74-563D-418E-9BF6-1294F73521C0}.Release|Any CPU.Build.0 = Release|Any CPU
		{80614F74-563D-418E-9BF6-1294F73521C0}.Release|Mixed Platforms.ActiveCfg = Release|Any CPU
		{80614F74-563D-418E-9BF6-1294F73521C0}.Release|Mixed Platforms.Build.0 = Release|Any CPU
		{80614F74-563D-418E-9BF6-1294F73521C0}.Release|Win32.ActiveCfg = Release|Any CPU
		{80614F74-563D-418E-9BF6-1294F73521C0}.Release|Win32.Build.0 = Release|Any CPU
		{80614F74-563D-418E-9BF6-1294F73521C0}.Release|x64.ActiveCfg = Release|Any CPU
		{80614F74-563D-418E-9BF6-1294F73521C0}.Release|x64.Build.0 = Release|Any CPU
		{80614F74-563D-418E-9BF6-1294F73521C0}.Release|x86.ActiveCfg = Release|Any CPU
		{80614F74-563D-418E-9BF6-1294F73521C0}.Release|x86.Build.0 = Release|Any CPU
		{80614F74-563D-418E-9BF6-1294F73521C0}.SingleImage|Any CPU.ActiveCfg = Release|Any CPU
		{80614F74-563D-418E-9BF6-1294F73521C0}.SingleImage|Any CPU.Build.0 = Release|Any CPU
		{80614F74-563D-418E-9BF6-1294F73521C0}.SingleImage|Mixed Platforms.ActiveCfg = Release|Any CPU
		{80614F74-563D-418E-9BF6-1294F73521C0}.SingleImage|Mixed Platforms.Build.0 = Release|Any CPU
		{80614F74-563D-418E-9BF6-1294F73521C0}.SingleImage|Win32.ActiveCfg = Release|Any CPU
		{80614F74-563D-418E-9BF6-1294F73521C0}.SingleImage|x64.ActiveCfg = Release|Any CPU
		{80614F74-563D-418E-9BF6-1294F73521C0}.SingleImage|x64.Build.0 = Release|Any CPU
		{80614F74-563D-418E-9BF6-1294F73521C0}.SingleImage|x86.ActiveCfg = Release|Any CPU
		{80614F74-563D-418E-9BF6-1294F73521C0}.SingleImage|x86.Build.0 = Release|Any CPU
		{392410E4-C8FF-4E9F-BA6F-D791F95A6CDB}.CD_ROM|Any CPU.ActiveCfg = Release|x64
		{392410E4-C8FF-4E9F-BA6F-D791F95A6CDB}.CD_ROM|Mixed Platforms.ActiveCfg = Release|x64
		{392410E4-C8FF-4E9F-BA6F-D791F95A6CDB}.CD_ROM|Mixed Platforms.Build.0 = Release|x64
		{392410E4-C8FF-4E9F-BA6F-D791F95A6CDB}.CD_ROM|Win32.ActiveCfg = Release|x64
		{392410E4-C8FF-4E9F-BA6F-D791F95A6CDB}.CD_ROM|x64.ActiveCfg = Release|x64
		{392410E4-C8FF-4E9F-BA6F-D791F95A6CDB}.CD_ROM|x64.Build.0 = Release|x64
		{392410E4-C8FF-4E9F-BA6F-D791F95A6CDB}.CD_ROM|x86.ActiveCfg = Release|x64
		{392410E4-C8FF-4E9F-BA6F-D791F95A6CDB}.Debug Unicode|Any CPU.ActiveCfg = Debug|x86
		{392410E4-C8FF-4E9F-BA6F-D791F95A6CDB}.Debug Unicode|Mixed Platforms.ActiveCfg = Debug|x86
		{392410E4-C8FF-4E9F-BA6F-D791F95A6CDB}.Debug Unicode|Mixed Platforms.Build.0 = Debug|x86
		{392410E4-C8FF-4E9F-BA6F-D791F95A6CDB}.Debug Unicode|Win32.ActiveCfg = Debug|x86
		{392410E4-C8FF-4E9F-BA6F-D791F95A6CDB}.Debug Unicode|x64.ActiveCfg = Debug|x86
		{392410E4-C8FF-4E9F-BA6F-D791F95A6CDB}.Debug Unicode|x86.ActiveCfg = Debug|x86
		{392410E4-C8FF-4E9F-BA6F-D791F95A6CDB}.Debug Unicode|x86.Build.0 = Debug|x86
		{392410E4-C8FF-4E9F-BA6F-D791F95A6CDB}.Debug|Any CPU.ActiveCfg = Debug|x86
		{392410E4-C8FF-4E9F-BA6F-D791F95A6CDB}.Debug|Any CPU.Build.0 = Debug|x86
		{392410E4-C8FF-4E9F-BA6F-D791F95A6CDB}.Debug|Mixed Platforms.ActiveCfg = Debug|x64
		{392410E4-C8FF-4E9F-BA6F-D791F95A6CDB}.Debug|Mixed Platforms.Build.0 = Debug|x64
		{392410E4-C8FF-4E9F-BA6F-D791F95A6CDB}.Debug|Win32.ActiveCfg = Debug|x86
		{392410E4-C8FF-4E9F-BA6F-D791F95A6CDB}.Debug|Win32.Build.0 = Debug|x86
		{392410E4-C8FF-4E9F-BA6F-D791F95A6CDB}.Debug|x64.ActiveCfg = Debug|x64
		{392410E4-C8FF-4E9F-BA6F-D791F95A6CDB}.Debug|x64.Build.0 = Debug|x64
		{392410E4-C8FF-4E9F-BA6F-D791F95A6CDB}.Debug|x86.ActiveCfg = Debug|x86
		{392410E4-C8FF-4E9F-BA6F-D791F95A6CDB}.Debug|x86.Build.0 = Debug|x86
		{392410E4-C8FF-4E9F-BA6F-D791F95A6CDB}.DVD-5|Any CPU.ActiveCfg = Debug|x64
		{392410E4-C8FF-4E9F-BA6F-D791F95A6CDB}.DVD-5|Mixed Platforms.ActiveCfg = Debug|x64
		{392410E4-C8FF-4E9F-BA6F-D791F95A6CDB}.DVD-5|Mixed Platforms.Build.0 = Debug|x64
		{392410E4-C8FF-4E9F-BA6F-D791F95A6CDB}.DVD-5|Win32.ActiveCfg = Debug|x64
		{392410E4-C8FF-4E9F-BA6F-D791F95A6CDB}.DVD-5|x64.ActiveCfg = Debug|x64
		{392410E4-C8FF-4E9F-BA6F-D791F95A6CDB}.DVD-5|x64.Build.0 = Debug|x64
		{392410E4-C8FF-4E9F-BA6F-D791F95A6CDB}.DVD-5|x86.ActiveCfg = Debug|x64
		{392410E4-C8FF-4E9F-BA6F-D791F95A6CDB}.Release Unicode|Any CPU.ActiveCfg = Release|x86
		{392410E4-C8FF-4E9F-BA6F-D791F95A6CDB}.Release Unicode|Mixed Platforms.ActiveCfg = Release|x86
		{392410E4-C8FF-4E9F-BA6F-D791F95A6CDB}.Release Unicode|Mixed Platforms.Build.0 = Release|x86
		{392410E4-C8FF-4E9F-BA6F-D791F95A6CDB}.Release Unicode|Win32.ActiveCfg = Release|x86
		{392410E4-C8FF-4E9F-BA6F-D791F95A6CDB}.Release Unicode|x64.ActiveCfg = Release|x86
		{392410E4-C8FF-4E9F-BA6F-D791F95A6CDB}.Release Unicode|x86.ActiveCfg = Release|x86
		{392410E4-C8FF-4E9F-BA6F-D791F95A6CDB}.Release Unicode|x86.Build.0 = Release|x86
		{392410E4-C8FF-4E9F-BA6F-D791F95A6CDB}.Release|Any CPU.ActiveCfg = Release|x86
		{392410E4-C8FF-4E9F-BA6F-D791F95A6CDB}.Release|Any CPU.Build.0 = Release|x86
		{392410E4-C8FF-4E9F-BA6F-D791F95A6CDB}.Release|Mixed Platforms.ActiveCfg = Release|x86
		{392410E4-C8FF-4E9F-BA6F-D791F95A6CDB}.Release|Mixed Platforms.Build.0 = Release|x86
		{392410E4-C8FF-4E9F-BA6F-D791F95A6CDB}.Release|Win32.ActiveCfg = Release|x86
		{392410E4-C8FF-4E9F-BA6F-D791F95A6CDB}.Release|Win32.Build.0 = Release|x86
		{392410E4-C8FF-4E9F-BA6F-D791F95A6CDB}.Release|x64.ActiveCfg = Release|x64
		{392410E4-C8FF-4E9F-BA6F-D791F95A6CDB}.Release|x64.Build.0 = Release|x64
		{392410E4-C8FF-4E9F-BA6F-D791F95A6CDB}.Release|x86.ActiveCfg = Release|x86
		{392410E4-C8FF-4E9F-BA6F-D791F95A6CDB}.Release|x86.Build.0 = Release|x86
		{392410E4-C8FF-4E9F-BA6F-D791F95A6CDB}.SingleImage|Any CPU.ActiveCfg = Release|x64
		{392410E4-C8FF-4E9F-BA6F-D791F95A6CDB}.SingleImage|Any CPU.Build.0 = Release|x64
		{392410E4-C8FF-4E9F-BA6F-D791F95A6CDB}.SingleImage|Mixed Platforms.ActiveCfg = Release|x64
		{392410E4-C8FF-4E9F-BA6F-D791F95A6CDB}.SingleImage|Mixed Platforms.Build.0 = Release|x64
		{392410E4-C8FF-4E9F-BA6F-D791F95A6CDB}.SingleImage|Win32.ActiveCfg = Release|x86
		{392410E4-C8FF-4E9F-BA6F-D791F95A6CDB}.SingleImage|x64.ActiveCfg = Release|x64
		{392410E4-C8FF-4E9F-BA6F-D791F95A6CDB}.SingleImage|x64.Build.0 = Release|x64
		{392410E4-C8FF-4E9F-BA6F-D791F95A6CDB}.SingleImage|x86.ActiveCfg = Release|x86
		{392410E4-C8FF-4E9F-BA6F-D791F95A6CDB}.SingleImage|x86.Build.0 = Release|x86
		{515B5FCC-A9D6-4875-8288-9AE68201EC34}.CD_ROM|Any CPU.ActiveCfg = CD_ROM
		{515B5FCC-A9D6-4875-8288-9AE68201EC34}.CD_ROM|Any CPU.Build.0 = CD_ROM
		{515B5FCC-A9D6-4875-8288-9AE68201EC34}.CD_ROM|Mixed Platforms.ActiveCfg = CD_ROM
		{515B5FCC-A9D6-4875-8288-9AE68201EC34}.CD_ROM|Mixed Platforms.Build.0 = CD_ROM
		{515B5FCC-A9D6-4875-8288-9AE68201EC34}.CD_ROM|Win32.ActiveCfg = CD_ROM
		{515B5FCC-A9D6-4875-8288-9AE68201EC34}.CD_ROM|Win32.Build.0 = CD_ROM
		{515B5FCC-A9D6-4875-8288-9AE68201EC34}.CD_ROM|x64.ActiveCfg = CD_ROM
		{515B5FCC-A9D6-4875-8288-9AE68201EC34}.CD_ROM|x64.Build.0 = CD_ROM
		{515B5FCC-A9D6-4875-8288-9AE68201EC34}.CD_ROM|x86.ActiveCfg = CD_ROM
		{515B5FCC-A9D6-4875-8288-9AE68201EC34}.CD_ROM|x86.Build.0 = CD_ROM
		{515B5FCC-A9D6-4875-8288-9AE68201EC34}.Debug Unicode|Any CPU.ActiveCfg = DVD-5
		{515B5FCC-A9D6-4875-8288-9AE68201EC34}.Debug Unicode|Any CPU.Build.0 = DVD-5
		{515B5FCC-A9D6-4875-8288-9AE68201EC34}.Debug Unicode|Mixed Platforms.ActiveCfg = DVD-5
		{515B5FCC-A9D6-4875-8288-9AE68201EC34}.Debug Unicode|Mixed Platforms.Build.0 = DVD-5
		{515B5FCC-A9D6-4875-8288-9AE68201EC34}.Debug Unicode|Win32.ActiveCfg = DVD-5
		{515B5FCC-A9D6-4875-8288-9AE68201EC34}.Debug Unicode|Win32.Build.0 = DVD-5
		{515B5FCC-A9D6-4875-8288-9AE68201EC34}.Debug Unicode|x64.ActiveCfg = DVD-5
		{515B5FCC-A9D6-4875-8288-9AE68201EC34}.Debug Unicode|x64.Build.0 = DVD-5
		{515B5FCC-A9D6-4875-8288-9AE68201EC34}.Debug Unicode|x86.ActiveCfg = DVD-5
		{515B5FCC-A9D6-4875-8288-9AE68201EC34}.Debug Unicode|x86.Build.0 = DVD-5
		{515B5FCC-A9D6-4875-8288-9AE68201EC34}.Debug|Any CPU.ActiveCfg = DVD-5
		{515B5FCC-A9D6-4875-8288-9AE68201EC34}.Debug|Any CPU.Build.0 = DVD-5
		{515B5FCC-A9D6-4875-8288-9AE68201EC34}.Debug|Mixed Platforms.ActiveCfg = DVD-5
		{515B5FCC-A9D6-4875-8288-9AE68201EC34}.Debug|Mixed Platforms.Build.0 = DVD-5
		{515B5FCC-A9D6-4875-8288-9AE68201EC34}.Debug|Win32.ActiveCfg = DVD-5
		{515B5FCC-A9D6-4875-8288-9AE68201EC34}.Debug|Win32.Build.0 = DVD-5
		{515B5FCC-A9D6-4875-8288-9AE68201EC34}.Debug|x64.ActiveCfg = DVD-5
		{515B5FCC-A9D6-4875-8288-9AE68201EC34}.Debug|x64.Build.0 = DVD-5
		{515B5FCC-A9D6-4875-8288-9AE68201EC34}.Debug|x86.ActiveCfg = DVD-5
		{515B5FCC-A9D6-4875-8288-9AE68201EC34}.Debug|x86.Build.0 = DVD-5
		{515B5FCC-A9D6-4875-8288-9AE68201EC34}.DVD-5|Any CPU.ActiveCfg = DVD-5
		{515B5FCC-A9D6-4875-8288-9AE68201EC34}.DVD-5|Any CPU.Build.0 = DVD-5
		{515B5FCC-A9D6-4875-8288-9AE68201EC34}.DVD-5|Mixed Platforms.ActiveCfg = DVD-5
		{515B5FCC-A9D6-4875-8288-9AE68201EC34}.DVD-5|Mixed Platforms.Build.0 = DVD-5
		{515B5FCC-A9D6-4875-8288-9AE68201EC34}.DVD-5|Win32.ActiveCfg = DVD-5
		{515B5FCC-A9D6-4875-8288-9AE68201EC34}.DVD-5|Win32.Build.0 = DVD-5
		{515B5FCC-A9D6-4875-8288-9AE68201EC34}.DVD-5|x64.ActiveCfg = DVD-5
		{515B5FCC-A9D6-4875-8288-9AE68201EC34}.DVD-5|x64.Build.0 = DVD-5
		{515B5FCC-A9D6-4875-8288-9AE68201EC34}.DVD-5|x86.ActiveCfg = DVD-5
		{515B5FCC-A9D6-4875-8288-9AE68201EC34}.DVD-5|x86.Build.0 = DVD-5
		{515B5FCC-A9D6-4875-8288-9AE68201EC34}.Release Unicode|Any CPU.ActiveCfg = SingleImage
		{515B5FCC-A9D6-4875-8288-9AE68201EC34}.Release Unicode|Any CPU.Build.0 = SingleImage
		{515B5FCC-A9D6-4875-8288-9AE68201EC34}.Release Unicode|Mixed Platforms.ActiveCfg = SingleImage
		{515B5FCC-A9D6-4875-8288-9AE68201EC34}.Release Unicode|Mixed Platforms.Build.0 = SingleImage
		{515B5FCC-A9D6-4875-8288-9AE68201EC34}.Release Unicode|Win32.ActiveCfg = SingleImage
		{515B5FCC-A9D6-4875-8288-9AE68201EC34}.Release Unicode|Win32.Build.0 = SingleImage
		{515B5FCC-A9D6-4875-8288-9AE68201EC34}.Release Unicode|x64.ActiveCfg = SingleImage
		{515B5FCC-A9D6-4875-8288-9AE68201EC34}.Release Unicode|x64.Build.0 = SingleImage
		{515B5FCC-A9D6-4875-8288-9AE68201EC34}.Release Unicode|x86.ActiveCfg = SingleImage
		{515B5FCC-A9D6-4875-8288-9AE68201EC34}.Release Unicode|x86.Build.0 = SingleImage
		{515B5FCC-A9D6-4875-8288-9AE68201EC34}.Release|Any CPU.ActiveCfg = SingleImage
		{515B5FCC-A9D6-4875-8288-9AE68201EC34}.Release|Any CPU.Build.0 = SingleImage
		{515B5FCC-A9D6-4875-8288-9AE68201EC34}.Release|Mixed Platforms.ActiveCfg = SingleImage
		{515B5FCC-A9D6-4875-8288-9AE68201EC34}.Release|Mixed Platforms.Build.0 = SingleImage
		{515B5FCC-A9D6-4875-8288-9AE68201EC34}.Release|Win32.ActiveCfg = SingleImage
		{515B5FCC-A9D6-4875-8288-9AE68201EC34}.Release|Win32.Build.0 = SingleImage
		{515B5FCC-A9D6-4875-8288-9AE68201EC34}.Release|x64.ActiveCfg = SingleImage
		{515B5FCC-A9D6-4875-8288-9AE68201EC34}.Release|x64.Build.0 = SingleImage
		{515B5FCC-A9D6-4875-8288-9AE68201EC34}.Release|x86.ActiveCfg = SingleImage
		{515B5FCC-A9D6-4875-8288-9AE68201EC34}.Release|x86.Build.0 = SingleImage
		{515B5FCC-A9D6-4875-8288-9AE68201EC34}.SingleImage|Any CPU.ActiveCfg = SingleImage
		{515B5FCC-A9D6-4875-8288-9AE68201EC34}.SingleImage|Any CPU.Build.0 = SingleImage
		{515B5FCC-A9D6-4875-8288-9AE68201EC34}.SingleImage|Mixed Platforms.ActiveCfg = SingleImage
		{515B5FCC-A9D6-4875-8288-9AE68201EC34}.SingleImage|Mixed Platforms.Build.0 = SingleImage
		{515B5FCC-A9D6-4875-8288-9AE68201EC34}.SingleImage|Win32.ActiveCfg = SingleImage
		{515B5FCC-A9D6-4875-8288-9AE68201EC34}.SingleImage|Win32.Build.0 = SingleImage
		{515B5FCC-A9D6-4875-8288-9AE68201EC34}.SingleImage|x64.ActiveCfg = SingleImage
		{515B5FCC-A9D6-4875-8288-9AE68201EC34}.SingleImage|x64.Build.0 = SingleImage
		{515B5FCC-A9D6-4875-8288-9AE68201EC34}.SingleImage|x86.ActiveCfg = SingleImage
		{515B5FCC-A9D6-4875-8288-9AE68201EC34}.SingleImage|x86.Build.0 = SingleImage
	EndGlobalSection
	GlobalSection(SolutionProperties) = preSolution
		HideSolutionNode = FALSE
	EndGlobalSection
	GlobalSection(NestedProjects) = preSolution
		{DD093E4D-DFE5-4ECD-ADBD-AA71A05F1314} = {10910983-E6AF-4824-88CD-992A97E780D4}
		{D1F100CA-0215-405D-9B43-7C0AAAAC8880} = {10910983-E6AF-4824-88CD-992A97E780D4}
		{C4C2A78E-01F3-4D2C-A3FB-1C90D8F58033} = {3E73C0BD-A239-468D-9302-26B12CFA90F5}
		{23AD43FF-38F2-4FEC-9FAA-D7B2FA54492B} = {3E73C0BD-A239-468D-9302-26B12CFA90F5}
		{80614F74-563D-418E-9BF6-1294F73521C0} = {3E73C0BD-A239-468D-9302-26B12CFA90F5}
		{392410E4-C8FF-4E9F-BA6F-D791F95A6CDB} = {55ED87CD-50E1-4D9D-8F82-64C7E131B5C2}
		{515B5FCC-A9D6-4875-8288-9AE68201EC34} = {55ED87CD-50E1-4D9D-8F82-64C7E131B5C2}
	EndGlobalSection
EndGlobal
